
Microsoft Visual Studio Solution File, Format Version 12.00
# Visual Studio Version 17
VisualStudioVersion = 17.5.33516.290
MinimumVisualStudioVersion = 10.0.40219.1
Project("{FAE04EC0-301F-11D3-BF4B-00C04F79EFBC}") = "DemoApplication", "DemoApplication\DemoApplication.csproj", "{EFDBAC75-4476-4140-8778-E7C6C8321ABF}"
EndProject
Global
	GlobalSection(SolutionConfigurationPlatforms) = preSolution
		Debug|Any CPU = Debug|Any CPU
		Release|Any CPU = Release|Any CPU
	EndGlobalSection
	GlobalSection(ProjectConfigurationPlatforms) = postSolution
		{EFDBAC75-4476-4140-8778-E7C6C8321ABF}.Debug|Any CPU.ActiveCfg = Debug|Any CPU
		{EFDBAC75-4476-4140-8778-E7C6C8321ABF}.Debug|Any CPU.Build.0 = Debug|Any CPU
		{EFDBAC75-4476-4140-8778-E7C6C8321ABF}.Release|Any CPU.ActiveCfg = Release|Any CPU
		{EFDBAC75-4476-4140-8778-E7C6C8321ABF}.Release|Any CPU.Build.0 = Release|Any CPU
	EndGlobalSection
	GlobalSection(SolutionProperties) = preSolution
		HideSolutionNode = FALSE
	EndGlobalSection
	GlobalSection(ExtensibilityGlobals) = postSolution
		SolutionGuid = {A12C9B5B-3DE3-41E1-B880-209A476584E8}
	EndGlobalSection
EndGlobal
